# This file is automatically @generated by Wally.
# It is not intended for manual editing.
registry = "test"

[[package]]
name = "evaera/promise"
version = "4.0.0"
dependencies = []

[[package]]
name = "howmanysmall/janitor"
version = "1.15.6"
dependencies = [["Promise", "evaera/promise@4.0.0"]]

[[package]]
name = "r-unic/array"
version = "0.2.1"
dependencies = []

[[package]]
name = "r-unic/componentize"
version = "0.2.5"
dependencies = [["Array", "r-unic/array@0.2.1"], ["Janitor", "howmanysmall/janitor@1.15.6"]]
